
Microsoft Visual Studio Solution File, Format Version 12.00
# Visual Studio Version 16
VisualStudioVersion = 16.0.31313.79
MinimumVisualStudioVersion = 10.0.40219.1
Project("{FAE04EC0-301F-11D3-BF4B-00C04F79EFBC}") = "Agenda", "Agenda\Agenda.csproj", "{4D29B0E2-9404-4AB5-8305-C16426D53FC4}"
EndProject
Global
	GlobalSection(SolutionConfigurationPlatforms) = preSolution
		Debug|Any CPU = Debug|Any CPU
		Release|Any CPU = Release|Any CPU
	EndGlobalSection
	GlobalSection(ProjectConfigurationPlatforms) = postSolution
		{4D29B0E2-9404-4AB5-8305-C16426D53FC4}.Debug|Any CPU.ActiveCfg = Debug|Any CPU
		{4D29B0E2-9404-4AB5-8305-C16426D53FC4}.Debug|Any CPU.Build.0 = Debug|Any CPU
		{4D29B0E2-9404-4AB5-8305-C16426D53FC4}.Release|Any CPU.ActiveCfg = Release|Any CPU
		{4D29B0E2-9404-4AB5-8305-C16426D53FC4}.Release|Any CPU.Build.0 = Release|Any CPU
	EndGlobalSection
	GlobalSection(SolutionProperties) = preSolution
		HideSolutionNode = FALSE
	EndGlobalSection
	GlobalSection(ExtensibilityGlobals) = postSolution
		SolutionGuid = {3C56F0B1-8D70-40FE-9C34-F17B30E418CB}
	EndGlobalSection
EndGlobal
