
Microsoft Visual Studio Solution File, Format Version 12.00
# Visual Studio Version 16
VisualStudioVersion = 16.0.31313.79
MinimumVisualStudioVersion = 10.0.40219.1
Project("{FAE04EC0-301F-11D3-BF4B-00C04F79EFBC}") = "CalculadoraNova", "CalculadoraNova\CalculadoraNova.csproj", "{AAAEA31E-F998-47F8-B766-D782153FBAC6}"
EndProject
Global
	GlobalSection(SolutionConfigurationPlatforms) = preSolution
		Debug|Any CPU = Debug|Any CPU
		Release|Any CPU = Release|Any CPU
	EndGlobalSection
	GlobalSection(ProjectConfigurationPlatforms) = postSolution
		{AAAEA31E-F998-47F8-B766-D782153FBAC6}.Debug|Any CPU.ActiveCfg = Debug|Any CPU
		{AAAEA31E-F998-47F8-B766-D782153FBAC6}.Debug|Any CPU.Build.0 = Debug|Any CPU
		{AAAEA31E-F998-47F8-B766-D782153FBAC6}.Release|Any CPU.ActiveCfg = Release|Any CPU
		{AAAEA31E-F998-47F8-B766-D782153FBAC6}.Release|Any CPU.Build.0 = Release|Any CPU
	EndGlobalSection
	GlobalSection(SolutionProperties) = preSolution
		HideSolutionNode = FALSE
	EndGlobalSection
	GlobalSection(ExtensibilityGlobals) = postSolution
		SolutionGuid = {AF656F5B-48B5-462A-9379-3CE542D47F36}
	EndGlobalSection
EndGlobal
